
Microsoft Visual Studio Solution File, Format Version 12.00
# Visual Studio Version 16
VisualStudioVersion = 16.0.30517.126
MinimumVisualStudioVersion = 10.0.40219.1
Project("{2150E333-8FDC-42A3-9474-1A3956D46DE8}") = "Outlineviews", "Outlineviews", "{E9A9A6B9-2B7A-48B1-A652-3F8EA0D3DF45}"
EndProject
Project("{FAE04EC0-301F-11D3-BF4B-00C04F79EFBC}") = "binary_node", "binary_node2\binary_node.csproj", "{A5D546E5-17CA-4645-BF37-51E9AAFD0704}"
EndProject
Project("{2150E333-8FDC-42A3-9474-1A3956D46DE8}") = "NodeClasses", "NodeClasses", "{433F40F9-AA04-4E11-9FF5-87CBEA5CA94E}"
EndProject
Project("{FAE04EC0-301F-11D3-BF4B-00C04F79EFBC}") = "NaryNode", "NaryNode\NaryNode.csproj", "{4CCD6B18-D90A-4D42-890B-4CE0663F3BD3}"
EndProject
Project("{FAE04EC0-301F-11D3-BF4B-00C04F79EFBC}") = "binary_node", "binary_node1\binary_node.csproj", "{FF3DE207-C802-4A0B-9E38-543C314CBD46}"
EndProject
Global
	GlobalSection(SolutionConfigurationPlatforms) = preSolution
		Debug|Any CPU = Debug|Any CPU
		Release|Any CPU = Release|Any CPU
	EndGlobalSection
	GlobalSection(ProjectConfigurationPlatforms) = postSolution
		{A5D546E5-17CA-4645-BF37-51E9AAFD0704}.Debug|Any CPU.ActiveCfg = Debug|Any CPU
		{A5D546E5-17CA-4645-BF37-51E9AAFD0704}.Debug|Any CPU.Build.0 = Debug|Any CPU
		{A5D546E5-17CA-4645-BF37-51E9AAFD0704}.Release|Any CPU.ActiveCfg = Release|Any CPU
		{A5D546E5-17CA-4645-BF37-51E9AAFD0704}.Release|Any CPU.Build.0 = Release|Any CPU
		{4CCD6B18-D90A-4D42-890B-4CE0663F3BD3}.Debug|Any CPU.ActiveCfg = Debug|Any CPU
		{4CCD6B18-D90A-4D42-890B-4CE0663F3BD3}.Debug|Any CPU.Build.0 = Debug|Any CPU
		{4CCD6B18-D90A-4D42-890B-4CE0663F3BD3}.Release|Any CPU.ActiveCfg = Release|Any CPU
		{4CCD6B18-D90A-4D42-890B-4CE0663F3BD3}.Release|Any CPU.Build.0 = Release|Any CPU
		{FF3DE207-C802-4A0B-9E38-543C314CBD46}.Debug|Any CPU.ActiveCfg = Debug|Any CPU
		{FF3DE207-C802-4A0B-9E38-543C314CBD46}.Debug|Any CPU.Build.0 = Debug|Any CPU
		{FF3DE207-C802-4A0B-9E38-543C314CBD46}.Release|Any CPU.ActiveCfg = Release|Any CPU
		{FF3DE207-C802-4A0B-9E38-543C314CBD46}.Release|Any CPU.Build.0 = Release|Any CPU
	EndGlobalSection
	GlobalSection(SolutionProperties) = preSolution
		HideSolutionNode = FALSE
	EndGlobalSection
	GlobalSection(NestedProjects) = preSolution
		{A5D546E5-17CA-4645-BF37-51E9AAFD0704} = {E9A9A6B9-2B7A-48B1-A652-3F8EA0D3DF45}
		{4CCD6B18-D90A-4D42-890B-4CE0663F3BD3} = {433F40F9-AA04-4E11-9FF5-87CBEA5CA94E}
		{FF3DE207-C802-4A0B-9E38-543C314CBD46} = {433F40F9-AA04-4E11-9FF5-87CBEA5CA94E}
	EndGlobalSection
	GlobalSection(ExtensibilityGlobals) = postSolution
		SolutionGuid = {5301D224-0A6B-4492-9970-9FBD60570E26}
	EndGlobalSection
EndGlobal
